// !$*UTF8*$!
{
	archiveVersion = 1;
	classes = {
	};
	objectVersion = 46;
	objects = {

/* Begin PBXBuildFile section */
		906F8C9A172C463B0058A944 /* UIKit.framework in Frameworks */ = {isa = PBXBuildFile; fileRef = 906F8C99172C463B0058A944 /* UIKit.framework */; };
		906F8C9C172C463B0058A944 /* Foundation.framework in Frameworks */ = {isa = PBXBuildFile; fileRef = 906F8C9B172C463B0058A944 /* Foundation.framework */; };
		906F8C9E172C463B0058A944 /* CoreGraphics.framework in Frameworks */ = {isa = PBXBuildFile; fileRef = 906F8C9D172C463B0058A944 /* CoreGraphics.framework */; };
		906F8CA4172C463B0058A944 /* InfoPlist.strings in Resources */ = {isa = PBXBuildFile; fileRef = 906F8CA2172C463B0058A944 /* InfoPlist.strings */; };
		906F8CA6172C463B0058A944 /* main.m in Sources */ = {isa = PBXBuildFile; fileRef = 906F8CA5172C463B0058A944 /* main.m */; };
		906F8CAA172C463B0058A944 /* AppDelegate.m in Sources */ = {isa = PBXBuildFile; fileRef = 906F8CA9172C463B0058A944 /* AppDelegate.m */; };
		906F8CAC172C463B0058A944 /* Default.png in Resources */ = {isa = PBXBuildFile; fileRef = 906F8CAB172C463B0058A944 /* Default.png */; };
		906F8CAE172C463B0058A944 /* Default@2x.png in Resources */ = {isa = PBXBuildFile; fileRef = 906F8CAD172C463B0058A944 /* Default@2x.png */; };
		906F8CB0172C463B0058A944 /* Default-568h@2x.png in Resources */ = {isa = PBXBuildFile; fileRef = 906F8CAF172C463B0058A944 /* Default-568h@2x.png */; };
		906F8CB3172C463B0058A944 /* ViewController.m in Sources */ = {isa = PBXBuildFile; fileRef = 906F8CB2172C463B0058A944 /* ViewController.m */; };
		906F8CB6172C463B0058A944 /* ViewController.xib in Resources */ = {isa = PBXBuildFile; fileRef = 906F8CB4172C463B0058A944 /* ViewController.xib */; };
/* End PBXBuildFile section */

/* Begin PBXFileReference section */
		906F8C95172C463B0058A944 /* harpybugs.app */ = {isa = PBXFileReference; explicitFileType = wrapper.application; includeInIndex = 0; path = harpybugs.app; sourceTree = BUILT_PRODUCTS_DIR; };
		906F8C99172C463B0058A944 /* UIKit.framework */ = {isa = PBXFileReference; lastKnownFileType = wrapper.framework; name = UIKit.framework; path = System/Library/Frameworks/UIKit.framework; sourceTree = SDKROOT; };
		906F8C9B172C463B0058A944 /* Foundation.framework */ = {isa = PBXFileReference; lastKnownFileType = wrapper.framework; name = Foundation.framework; path = System/Library/Frameworks/Foundation.framework; sourceTree = SDKROOT; };
		906F8C9D172C463B0058A944 /* CoreGraphics.framework */ = {isa = PBXFileReference; lastKnownFileType = wrapper.framework; name = CoreGraphics.framework; path = System/Library/Frameworks/CoreGraphics.framework; sourceTree = SDKROOT; };
		906F8CA1172C463B0058A944 /* harpybugs-Info.plist */ = {isa = PBXFileReference; lastKnownFileType = text.plist.xml; path = "harpybugs-Info.plist"; sourceTree = "<group>"; };
		906F8CA3172C463B0058A944 /* en */ = {isa = PBXFileReference; lastKnownFileType = text.plist.strings; name = en; path = en.lproj/InfoPlist.strings; sourceTree = "<group>"; };
		906F8CA5172C463B0058A944 /* main.m */ = {isa = PBXFileReference; lastKnownFileType = sourcecode.c.objc; path = main.m; sourceTree = "<group>"; };
		906F8CA7172C463B0058A944 /* harpybugs-Prefix.pch */ = {isa = PBXFileReference; lastKnownFileType = sourcecode.c.h; path = "harpybugs-Prefix.pch"; sourceTree = "<group>"; };
		906F8CA8172C463B0058A944 /* AppDelegate.h */ = {isa = PBXFileReference; lastKnownFileType = sourcecode.c.h; path = AppDelegate.h; sourceTree = "<group>"; };
		906F8CA9172C463B0058A944 /* AppDelegate.m */ = {isa = PBXFileReference; lastKnownFileType = sourcecode.c.objc; path = AppDelegate.m; sourceTree = "<group>"; };
		906F8CAB172C463B0058A944 /* Default.png */ = {isa = PBXFileReference; lastKnownFileType = image.png; path = Default.png; sourceTree = "<group>"; };
		906F8CAD172C463B0058A944 /* Default@2x.png */ = {isa = PBXFileReference; lastKnownFileType = image.png; path = "Default@2x.png"; sourceTree = "<group>"; };
		906F8CAF172C463B0058A944 /* Default-568h@2x.png */ = {isa = PBXFileReference; lastKnownFileType = image.png; path = "Default-568h@2x.png"; sourceTree = "<group>"; };
		906F8CB1172C463B0058A944 /* ViewController.h */ = {isa = PBXFileReference; lastKnownFileType = sourcecode.c.h; path = ViewController.h; sourceTree = "<group>"; };
		906F8CB2172C463B0058A944 /* ViewController.m */ = {isa = PBXFileReference; lastKnownFileType = sourcecode.c.objc; path = ViewController.m; sourceTree = "<group>"; };
		906F8CB5172C463B0058A944 /* en */ = {isa = PBXFileReference; lastKnownFileType = file.xib; name = en; path = en.lproj/ViewController.xib; sourceTree = "<group>"; };
/* End PBXFileReference section */

/* Begin PBXFrameworksBuildPhase section */
		906F8C92172C463B0058A944 /* Frameworks */ = {
			isa = PBXFrameworksBuildPhase;
			buildActionMask = 2147483647;
			files = (
				906F8C9A172C463B0058A944 /* UIKit.framework in Frameworks */,
				906F8C9C172C463B0058A944 /* Foundation.framework in Frameworks */,
				906F8C9E172C463B0058A944 /* CoreGraphics.framework in Frameworks */,
			);
			runOnlyForDeploymentPostprocessing = 0;
		};
/* End PBXFrameworksBuildPhase section */

/* Begin PBXGroup section */
		906F8C8A172C463B0058A944 = {
			isa = PBXGroup;
			children = (
				906F8C9F172C463B0058A944 /* harpybugs */,
				906F8C98172C463B0058A944 /* Frameworks */,
				906F8C96172C463B0058A944 /* Products */,
			);
			sourceTree = "<group>";
		};
		906F8C96172C463B0058A944 /* Products */ = {
			isa = PBXGroup;
			children = (
				906F8C95172C463B0058A944 /* harpybugs.app */,
			);
			name = Products;
			sourceTree = "<group>";
		};
		906F8C98172C463B0058A944 /* Frameworks */ = {
			isa = PBXGroup;
			children = (
				906F8C99172C463B0058A944 /* UIKit.framework */,
				906F8C9B172C463B0058A944 /* Foundation.framework */,
				906F8C9D172C463B0058A944 /* CoreGraphics.framework */,
			);
			name = Frameworks;
			sourceTree = "<group>";
		};
		906F8C9F172C463B0058A944 /* harpybugs */ = {
			isa = PBXGroup;
			children = (
				906F8CA8172C463B0058A944 /* AppDelegate.h */,
				906F8CA9172C463B0058A944 /* AppDelegate.m */,
				906F8CB1172C463B0058A944 /* ViewController.h */,
				906F8CB2172C463B0058A944 /* ViewController.m */,
				906F8CB4172C463B0058A944 /* ViewController.xib */,
				906F8CA0172C463B0058A944 /* Supporting Files */,
			);
			path = harpybugs;
			sourceTree = "<group>";
		};
		906F8CA0172C463B0058A944 /* Supporting Files */ = {
			isa = PBXGroup;
			children = (
				906F8CA1172C463B0058A944 /* harpybugs-Info.plist */,
				906F8CA2172C463B0058A944 /* InfoPlist.strings */,
				906F8CA5172C463B0058A944 /* main.m */,
				906F8CA7172C463B0058A944 /* harpybugs-Prefix.pch */,
				906F8CAB172C463B0058A944 /* Default.png */,
				906F8CAD172C463B0058A944 /* Default@2x.png */,
				906F8CAF172C463B0058A944 /* Default-568h@2x.png */,
			);
			name = "Supporting Files";
			sourceTree = "<group>";
		};
/* End PBXGroup section */

/* Begin PBXNativeTarget section */
		906F8C94172C463B0058A944 /* harpybugs */ = {
			isa = PBXNativeTarget;
			buildConfigurationList = 906F8CB9172C463B0058A944 /* Build configuration list for PBXNativeTarget "harpybugs" */;
			buildPhases = (
				906F8C91172C463B0058A944 /* Sources */,
				906F8C92172C463B0058A944 /* Frameworks */,
				906F8C93172C463B0058A944 /* Resources */,
			);
			buildRules = (
			);
			dependencies = (
			);
			name = harpybugs;
			productName = harpybugs;
			productReference = 906F8C95172C463B0058A944 /* harpybugs.app */;
			productType = "com.apple.product-type.application";
		};
/* End PBXNativeTarget section */

/* Begin PBXProject section */
		906F8C8C172C463B0058A944 /* Project object */ = {
			isa = PBXProject;
			attributes = {
				LastUpgradeCheck = 0450;
				ORGANIZATIONNAME = "Michał Łukasiewicz";
			};
			buildConfigurationList = 906F8C8F172C463B0058A944 /* Build configuration list for PBXProject "harpybugs" */;
			compatibilityVersion = "Xcode 3.2";
			developmentRegion = English;
			hasScannedForEncodings = 0;
			knownRegions = (
				en,
			);
			mainGroup = 906F8C8A172C463B0058A944;
			productRefGroup = 906F8C96172C463B0058A944 /* Products */;
			projectDirPath = "";
			projectRoot = "";
			targets = (
				906F8C94172C463B0058A944 /* harpybugs */,
			);
		};
/* End PBXProject section */

/* Begin PBXResourcesBuildPhase section */
		906F8C93172C463B0058A944 /* Resources */ = {
			isa = PBXResourcesBuildPhase;
			buildActionMask = 2147483647;
			files = (
				906F8CA4172C463B0058A944 /* InfoPlist.strings in Resources */,
				906F8CAC172C463B0058A944 /* Default.png in Resources */,
				906F8CAE172C463B0058A944 /* Default@2x.png in Resources */,
				906F8CB0172C463B0058A944 /* Default-568h@2x.png in Resources */,
				906F8CB6172C463B0058A944 /* ViewController.xib in Resources */,
			);
			runOnlyForDeploymentPostprocessing = 0;
		};
/* End PBXResourcesBuildPhase section */

/* Begin PBXSourcesBuildPhase section */
		906F8C91172C463B0058A944 /* Sources */ = {
			isa = PBXSourcesBuildPhase;
			buildActionMask = 2147483647;
			files = (
				906F8CA6172C463B0058A944 /* main.m in Sources */,
				906F8CAA172C463B0058A944 /* AppDelegate.m in Sources */,
				906F8CB3172C463B0058A944 /* ViewController.m in Sources */,
			);
			runOnlyForDeploymentPostprocessing = 0;
		};
/* End PBXSourcesBuildPhase section */

/* Begin PBXVariantGroup section */
		906F8CA2172C463B0058A944 /* InfoPlist.strings */ = {
			isa = PBXVariantGroup;
			children = (
				906F8CA3172C463B0058A944 /* en */,
			);
			name = InfoPlist.strings;
			sourceTree = "<group>";
		};
		906F8CB4172C463B0058A944 /* ViewController.xib */ = {
			isa = PBXVariantGroup;
			children = (
				906F8CB5172C463B0058A944 /* en */,
			);
			name = ViewController.xib;
			sourceTree = "<group>";
		};
/* End PBXVariantGroup section */

/* Begin XCBuildConfiguration section */
		906F8CB7172C463B0058A944 /* Debug */ = {
			isa = XCBuildConfiguration;
			buildSettings = {
				ALWAYS_SEARCH_USER_PATHS = NO;
				CLANG_CXX_LANGUAGE_STANDARD = "gnu++0x";
				CLANG_CXX_LIBRARY = "libc++";
				CLANG_ENABLE_OBJC_ARC = YES;
				CLANG_WARN_EMPTY_BODY = YES;
				CLANG_WARN__DUPLICATE_METHOD_MATCH = YES;
				"CODE_SIGN_IDENTITY[sdk=iphoneos*]" = "iPhone Developer";
				COPY_PHASE_STRIP = NO;
				GCC_C_LANGUAGE_STANDARD = gnu99;
				GCC_DYNAMIC_NO_PIC = NO;
				GCC_OPTIMIZATION_LEVEL = 0;
				GCC_PREPROCESSOR_DEFINITIONS = (
					"DEBUG=1",
					"$(inherited)",
				);
				GCC_SYMBOLS_PRIVATE_EXTERN = NO;
				GCC_WARN_ABOUT_RETURN_TYPE = YES;
				GCC_WARN_UNINITIALIZED_AUTOS = YES;
				GCC_WARN_UNUSED_VARIABLE = YES;
				IPHONEOS_DEPLOYMENT_TARGET = 6.0;
				ONLY_ACTIVE_ARCH = YES;
				SDKROOT = iphoneos;
			};
			name = Debug;
		};
		906F8CB8172C463B0058A944 /* Release */ = {
			isa = XCBuildConfiguration;
			buildSettings = {
				ALWAYS_SEARCH_USER_PATHS = NO;
				CLANG_CXX_LANGUAGE_STANDARD = "gnu++0x";
				CLANG_CXX_LIBRARY = "libc++";
				CLANG_ENABLE_OBJC_ARC = YES;
				CLANG_WARN_EMPTY_BODY = YES;
				CLANG_WARN__DUPLICATE_METHOD_MATCH = YES;
				"CODE_SIGN_IDENTITY[sdk=iphoneos*]" = "iPhone Developer";
				COPY_PHASE_STRIP = YES;
				GCC_C_LANGUAGE_STANDARD = gnu99;
				GCC_WARN_ABOUT_RETURN_TYPE = YES;
				GCC_WARN_UNINITIALIZED_AUTOS = YES;
				GCC_WARN_UNUSED_VARIABLE = YES;
				IPHONEOS_DEPLOYMENT_TARGET = 6.0;
				OTHER_CFLAGS = "-DNS_BLOCK_ASSERTIONS=1";
				SDKROOT = iphoneos;
				VALIDATE_PRODUCT = YES;
			};
			name = Release;
		};
		906F8CBA172C463B0058A944 /* Debug */ = {
			isa = XCBuildConfiguration;
			buildSettings = {
				GCC_PRECOMPILE_PREFIX_HEADER = YES;
				GCC_PREFIX_HEADER = "harpybugs/harpybugs-Prefix.pch";
				INFOPLIST_FILE = "harpybugs/harpybugs-Info.plist";
				PRODUCT_NAME = "$(TARGET_NAME)";
				WRAPPER_EXTENSION = app;
			};
			name = Debug;
		};
		906F8CBB172C463B0058A944 /* Release */ = {
			isa = XCBuildConfiguration;
			buildSettings = {
				GCC_PRECOMPILE_PREFIX_HEADER = YES;
				GCC_PREFIX_HEADER = "harpybugs/harpybugs-Prefix.pch";
				INFOPLIST_FILE = "harpybugs/harpybugs-Info.plist";
				PRODUCT_NAME = "$(TARGET_NAME)";
				WRAPPER_EXTENSION = app;
			};
			name = Release;
		};
/* End XCBuildConfiguration section */

/* Begin XCConfigurationList section */
		906F8C8F172C463B0058A944 /* Build configuration list for PBXProject "harpybugs" */ = {
			isa = XCConfigurationList;
			buildConfigurations = (
				906F8CB7172C463B0058A944 /* Debug */,
				906F8CB8172C463B0058A944 /* Release */,
			);
			defaultConfigurationIsVisible = 0;
			defaultConfigurationName = Release;
		};
		906F8CB9172C463B0058A944 /* Build configuration list for PBXNativeTarget "harpybugs" */ = {
			isa = XCConfigurationList;
			buildConfigurations = (
				906F8CBA172C463B0058A944 /* Debug */,
				906F8CBB172C463B0058A944 /* Release */,
			);
			defaultConfigurationIsVisible = 0;
		};
/* End XCConfigurationList section */
	};
	rootObject = 906F8C8C172C463B0058A944 /* Project object */;
}
